
Microsoft Visual Studio Solution File, Format Version 12.00
# Visual Studio Version 16
VisualStudioVersion = 16.0.30406.217
MinimumVisualStudioVersion = 10.0.40219.1
Project("{FAE04EC0-301F-11D3-BF4B-00C04F79EFBC}") = "WebApplication1", "WebApplication1\WebApplication1.csproj", "{370CDD7F-76D4-4AC0-9DE9-FE83B01CBAC4}"
EndProject
Global
	GlobalSection(SolutionConfigurationPlatforms) = preSolution
		Debug|Any CPU = Debug|Any CPU
		Release|Any CPU = Release|Any CPU
	EndGlobalSection
	GlobalSection(ProjectConfigurationPlatforms) = postSolution
		{370CDD7F-76D4-4AC0-9DE9-FE83B01CBAC4}.Debug|Any CPU.ActiveCfg = Debug|Any CPU
		{370CDD7F-76D4-4AC0-9DE9-FE83B01CBAC4}.Debug|Any CPU.Build.0 = Debug|Any CPU
		{370CDD7F-76D4-4AC0-9DE9-FE83B01CBAC4}.Release|Any CPU.ActiveCfg = Release|Any CPU
		{370CDD7F-76D4-4AC0-9DE9-FE83B01CBAC4}.Release|Any CPU.Build.0 = Release|Any CPU
	EndGlobalSection
	GlobalSection(SolutionProperties) = preSolution
		HideSolutionNode = FALSE
	EndGlobalSection
	GlobalSection(ExtensibilityGlobals) = postSolution
		SolutionGuid = {F5136569-59AB-43D2-BC69-3FAC71552D1C}
	EndGlobalSection
EndGlobal
